
Microsoft Visual Studio Solution File, Format Version 12.00
# Visual Studio 2015
Project("{FAE04EC0-301F-11D3-BF4B-00C04F79EFBC}") = "RogueLike.CSharp", "RogueLike.CSharp.csproj", "{D203234B-9D18-8C23-8B23-2A3933C7000E}"
EndProject
Global
	GlobalSection(SolutionConfigurationPlatforms) = preSolution
		Debug|Any CPU = Debug|Any CPU
		Release|Any CPU = Release|Any CPU
	EndGlobalSection
	GlobalSection(ProjectConfigurationPlatforms) = postSolution
		{D203234B-9D18-8C23-8B23-2A3933C7000E}.Debug|Any CPU.ActiveCfg = Debug|Any CPU
		{D203234B-9D18-8C23-8B23-2A3933C7000E}.Debug|Any CPU.Build.0 = Debug|Any CPU
		{D203234B-9D18-8C23-8B23-2A3933C7000E}.Release|Any CPU.ActiveCfg = Release|Any CPU
		{D203234B-9D18-8C23-8B23-2A3933C7000E}.Release|Any CPU.Build.0 = Release|Any CPU
	EndGlobalSection
	GlobalSection(SolutionProperties) = preSolution
		HideSolutionNode = FALSE
	EndGlobalSection
EndGlobal
